<?xml version="1.0" encoding="utf-8"?>
<Project ToolsVersion="4.0" xmlns="http://schemas.microsoft.com/developer/msbuild/2003">
  <ItemGroup>
    <Filter Include="Source Files">
      <UniqueIdentifier>{4FC737F1-C7A5-4376-A066-2A32D752A2FF}</UniqueIdentifier>
      <Extensions>cpp;c;cc;cxx;def;odl;idl;hpj;bat;asm;asmx</Extensions>
    </Filter>
    <Filter Include="Header Files">
      <UniqueIdentifier>{93995380-89BD-4b04-88EB-625FBE52EBFB}</UniqueIdentifier>
      <Extensions>h;hpp;hxx;hm;inl;inc;xsd</Extensions>
    </Filter>
    <Filter Include="Resource Files">
      <UniqueIdentifier>{67DA6AB6-F800-4c08-8B7A-83BB121AAD01}</UniqueIdentifier>
      <Extensions>rc;ico;cur;bmp;dlg;rc2;rct;bin;rgs;gif;jpg;jpeg;jpe;resx;tiff;tif;png;wav;mfcribbon-ms</Extensions>
    </Filter>
  </ItemGroup>
  <ItemGroup>
    <ClCompile Include="CompressedTrie.cpp">
      <Filter>Source Files</Filter>
    </ClCompile>
    <ClCompile Include="main.cpp">
      <Filter>Source Files</Filter>
    </ClCompile>
    <ClCompile Include="Trie.cpp">
      <Filter>Source Files</Filter>
    </ClCompile>
    <ClCompile Include="SuffixTree1\SuffixTree1.cpp">
      <Filter>Source Files</Filter>
    </ClCompile>
    <ClCompile Include="SuffixTree1\SuffixTree1Builder.cpp">
      <Filter>Source Files</Filter>
    </ClCompile>
    <ClCompile Include="SuffixTree2\SuffixTree2.cpp">
      <Filter>Source Files</Filter>
    </ClCompile>
    <ClCompile Include="SuffixTree2\SuffixTree2Builder.cpp">
      <Filter>Source Files</Filter>
    </ClCompile>
    <ClCompile Include="SuffixTree3\SuffixTree3.cpp">
      <Filter>Source Files</Filter>
    </ClCompile>
    <ClCompile Include="SuffixTree3\SuffixTree3Builder.cpp">
      <Filter>Source Files</Filter>
    </ClCompile>
    <ClCompile Include="SuffixTree4\SuffixTree4.cpp">
      <Filter>Source Files</Filter>
    </ClCompile>
    <ClCompile Include="SuffixTree4\SuffixTree4Builder.cpp">
      <Filter>Source Files</Filter>
    </ClCompile>
    <ClCompile Include="SuffixTree6\SuffixTree6.cpp">
      <Filter>Source Files</Filter>
    </ClCompile>
    <ClCompile Include="SuffixTree6\SuffixTree6Builder.cpp">
      <Filter>Source Files</Filter>
    </ClCompile>
    <ClCompile Include="SuffixTree7\SuffixTree7.cpp">
      <Filter>Source Files</Filter>
    </ClCompile>
    <ClCompile Include="SuffixTree7\SuffixTree7Builder.cpp">
      <Filter>Source Files</Filter>
    </ClCompile>
    <ClCompile Include="SuffixTree8\SuffixTree8.cpp">
      <Filter>Source Files</Filter>
    </ClCompile>
    <ClCompile Include="SuffixTree8\SuffixTree8Builder.cpp">
      <Filter>Source Files</Filter>
    </ClCompile>
    <ClCompile Include="SuffixTree9\SuffixTree9.cpp">
      <Filter>Source Files</Filter>
    </ClCompile>
    <ClCompile Include="SuffixTree9\SuffixTree9Builder.cpp">
      <Filter>Source Files</Filter>
    </ClCompile>
    <ClCompile Include="SuffixTree\SuffixTree.cpp">
      <Filter>Source Files</Filter>
    </ClCompile>
    <ClCompile Include="SuffixTree\SuffixTreeBuilder.cpp">
      <Filter>Source Files</Filter>
    </ClCompile>
  </ItemGroup>
  <ItemGroup>
    <ClInclude Include="CompressedTrie.h">
      <Filter>Header Files</Filter>
    </ClInclude>
    <ClInclude Include="Trie.h">
      <Filter>Header Files</Filter>
    </ClInclude>
    <ClInclude Include="SuffixTree1\SuffixTree1.h">
      <Filter>Header Files</Filter>
    </ClInclude>
    <ClInclude Include="SuffixTree1\SuffixTree1Builder.h">
      <Filter>Header Files</Filter>
    </ClInclude>
    <ClInclude Include="SuffixTree2\SuffixTree2.h">
      <Filter>Header Files</Filter>
    </ClInclude>
    <ClInclude Include="SuffixTree2\SuffixTree2Builder.h">
      <Filter>Header Files</Filter>
    </ClInclude>
    <ClInclude Include="SuffixTree3\SuffixTree3.h">
      <Filter>Header Files</Filter>
    </ClInclude>
    <ClInclude Include="SuffixTree3\SuffixTree3Builder.h">
      <Filter>Header Files</Filter>
    </ClInclude>
    <ClInclude Include="SuffixTree4\SuffixTree4.h">
      <Filter>Header Files</Filter>
    </ClInclude>
    <ClInclude Include="SuffixTree4\SuffixTree4Builder.h">
      <Filter>Header Files</Filter>
    </ClInclude>
    <ClInclude Include="SuffixTree6\SuffixTree6.h">
      <Filter>Header Files</Filter>
    </ClInclude>
    <ClInclude Include="SuffixTree6\SuffixTree6Builder.h">
      <Filter>Header Files</Filter>
    </ClInclude>
    <ClInclude Include="SuffixTree7\SuffixTree7.h">
      <Filter>Header Files</Filter>
    </ClInclude>
    <ClInclude Include="SuffixTree7\SuffixTree7Builder.h">
      <Filter>Header Files</Filter>
    </ClInclude>
    <ClInclude Include="SuffixTree8\SuffixTree8.h">
      <Filter>Header Files</Filter>
    </ClInclude>
    <ClInclude Include="SuffixTree8\SuffixTree8Builder.h">
      <Filter>Header Files</Filter>
    </ClInclude>
    <ClInclude Include="SuffixTree9\SuffixTree9.h">
      <Filter>Header Files</Filter>
    </ClInclude>
    <ClInclude Include="SuffixTree9\SuffixTree9Builder.h">
      <Filter>Header Files</Filter>
    </ClInclude>
    <ClInclude Include="SuffixTree\SuffixTree.h">
      <Filter>Header Files</Filter>
    </ClInclude>
    <ClInclude Include="SuffixTree\SuffixTreeBuilder.h">
      <Filter>Header Files</Filter>
    </ClInclude>
  </ItemGroup>
</Project>